
Microsoft Visual Studio Solution File, Format Version 12.00
# Visual Studio 14
VisualStudioVersion = 14.0.25420.1
MinimumVisualStudioVersion = 10.0.40219.1
Project("{FAE04EC0-301F-11D3-BF4B-00C04F79EFBC}") = "SharpChannels", "SharpChannels\SharpChannels.csproj", "{B76A3B99-C673-427E-84D2-24AA2F7AC41D}"
EndProject
Project("{FAE04EC0-301F-11D3-BF4B-00C04F79EFBC}") = "SharpChannels.Tests", "SharpChannels.Tests\SharpChannels.Tests.csproj", "{9908E1FC-0BAB-4638-919C-93E44B39CB38}"
EndProject
Global
	GlobalSection(SolutionConfigurationPlatforms) = preSolution
		Debug|Any CPU = Debug|Any CPU
		Release|Any CPU = Release|Any CPU
	EndGlobalSection
	GlobalSection(ProjectConfigurationPlatforms) = postSolution
		{B76A3B99-C673-427E-84D2-24AA2F7AC41D}.Debug|Any CPU.ActiveCfg = Debug|Any CPU
		{B76A3B99-C673-427E-84D2-24AA2F7AC41D}.Debug|Any CPU.Build.0 = Debug|Any CPU
		{B76A3B99-C673-427E-84D2-24AA2F7AC41D}.Release|Any CPU.ActiveCfg = Release|Any CPU
		{B76A3B99-C673-427E-84D2-24AA2F7AC41D}.Release|Any CPU.Build.0 = Release|Any CPU
		{9908E1FC-0BAB-4638-919C-93E44B39CB38}.Debug|Any CPU.ActiveCfg = Debug|Any CPU
		{9908E1FC-0BAB-4638-919C-93E44B39CB38}.Debug|Any CPU.Build.0 = Debug|Any CPU
		{9908E1FC-0BAB-4638-919C-93E44B39CB38}.Release|Any CPU.ActiveCfg = Release|Any CPU
		{9908E1FC-0BAB-4638-919C-93E44B39CB38}.Release|Any CPU.Build.0 = Release|Any CPU
	EndGlobalSection
	GlobalSection(SolutionProperties) = preSolution
		HideSolutionNode = FALSE
	EndGlobalSection
EndGlobal
